
Microsoft Visual Studio Solution File, Format Version 12.00
# Visual Studio Version 17
VisualStudioVersion = 17.4.33213.308
MinimumVisualStudioVersion = 10.0.40219.1
Project("{9A19103F-16F7-4668-BE54-9A1E7A4F7556}") = "DesignPattern", "CreationalDesignPattern\DesignPattern.csproj", "{C79BFEFC-8076-44A7-AB25-127AB644204A}"
EndProject
Global
	GlobalSection(SolutionConfigurationPlatforms) = preSolution
		Debug|Any CPU = Debug|Any CPU
		Release|Any CPU = Release|Any CPU
	EndGlobalSection
	GlobalSection(ProjectConfigurationPlatforms) = postSolution
		{C79BFEFC-8076-44A7-AB25-127AB644204A}.Debug|Any CPU.ActiveCfg = Debug|Any CPU
		{C79BFEFC-8076-44A7-AB25-127AB644204A}.Debug|Any CPU.Build.0 = Debug|Any CPU
		{C79BFEFC-8076-44A7-AB25-127AB644204A}.Release|Any CPU.ActiveCfg = Release|Any CPU
		{C79BFEFC-8076-44A7-AB25-127AB644204A}.Release|Any CPU.Build.0 = Release|Any CPU
	EndGlobalSection
	GlobalSection(SolutionProperties) = preSolution
		HideSolutionNode = FALSE
	EndGlobalSection
	GlobalSection(ExtensibilityGlobals) = postSolution
		SolutionGuid = {918F10FE-CE0C-46B0-B8EB-6A748100A186}
	EndGlobalSection
EndGlobal
